{
  "name": "brigit-csv-importer-app",
  "lockfileVersion": 3,
  "requires": true,
  "packages": {
    "": {
      "name": "brigit-csv-importer-app",
      "workspaces": [
        "apps/*",
        "packages/*"
      ],
      "devDependencies": {
        "turbo": "^2.5.8",
        "typescript": "5.9.2"
      },
      "engines": {
        "node": ">=18"
      }
    },
    "apps/api": {
      "dependencies": {
        "@hono/node-server": "^1.19.5",
        "@hono/trpc-server": "^0.4.0",
        "@trpc/server": "^11.6.0",
        "dotenv": "^17.2.3",
        "drizzle-orm": "^0.44.6",
        "hono": "^4.10.1",
        "nanoid": "^5.1.6",
        "papaparse": "^5.5.3",
        "pg": "^8.16.3",
        "superjson": "^2.2.2",
        "zod": "^4.1.12",
        "zod-openapi": "^5.4.3"
      },
      "devDependencies": {
        "@types/node": "^20.11.17",
        "@types/papaparse": "^5.5.0",
        "@types/pg": "^8.15.5",
        "drizzle-kit": "^0.31.5",
        "tsx": "^4.20.6",
        "typescript": "^5.8.3"
      }
    },
    "apps/frontend": {
      "version": "0.1.1",
      "dependencies": {
        "@tanstack/react-query": "^5.90.5",
        "@tanstack/react-query-devtools": "^5.90.2",
        "@trpc/client": "^11.6.0",
        "@trpc/react-query": "^11.6.0",
        "@trpc/tanstack-react-query": "^11.6.0",
        "next": "15.5.2",
        "react": "19.1.0",
        "react-dom": "19.1.0",
        "superjson": "^2.2.2",
        "zod": "^4.1.12"
      },
      "devDependencies": {
        "@tailwindcss/postcss": "^4",
        "@types/node": "^20",
        "@types/react": "^19",
        "@types/react-dom": "^19",
        "tailwindcss": "^4",
        "typescript": "^5"
      }
    },
    "node_modules/@alloc/quick-lru": {
      "version": "5.2.0",
      "dev": true,
      "license": "MIT",
      "engines": {
        "node": ">=10"
      },
      "funding": {
        "url": "https://github.com/sponsors/sindresorhus"
      }
    },
    "node_modules/@drizzle-team/brocli": {
      "version": "0.10.2",
      "dev": true,
      "license": "Apache-2.0"
    },
    "node_modules/@esbuild-kit/core-utils": {
      "version": "3.3.2",
      "dev": true,
      "license": "MIT",
      "dependencies": {
        "esbuild": "~0.18.20",
        "source-map-support": "^0.5.21"
      }
    },
    "node_modules/@esbuild-kit/core-utils/node_modules/esbuild": {
      "version": "0.18.20",
      "dev": true,
      "hasInstallScript": true,
      "license": "MIT",
      "bin": {
        "esbuild": "bin/esbuild"
      },
      "engines": {
        "node": ">=12"
      },
      "optionalDependencies": {
        "@esbuild/android-arm": "0.18.20",
        "@esbuild/android-arm64": "0.18.20",
        "@esbuild/android-x64": "0.18.20",
        "@esbuild/darwin-arm64": "0.18.20",
        "@esbuild/darwin-x64": "0.18.20",
        "@esbuild/freebsd-arm64": "0.18.20",
        "@esbuild/freebsd-x64": "0.18.20",
        "@esbuild/linux-arm": "0.18.20",
        "@esbuild/linux-arm64": "0.18.20",
        "@esbuild/linux-ia32": "0.18.20",
        "@esbuild/linux-loong64": "0.18.20",
        "@esbuild/linux-mips64el": "0.18.20",
        "@esbuild/linux-ppc64": "0.18.20",
        "@esbuild/linux-riscv64": "0.18.20",
        "@esbuild/linux-s390x": "0.18.20",
        "@esbuild/linux-x64": "0.18.20",
        "@esbuild/netbsd-x64": "0.18.20",
        "@esbuild/openbsd-x64": "0.18.20",
        "@esbuild/sunos-x64": "0.18.20",
        "@esbuild/win32-arm64": "0.18.20",
        "@esbuild/win32-ia32": "0.18.20",
        "@esbuild/win32-x64": "0.18.20"
      }
    },
    "node_modules/@esbuild-kit/core-utils/node_modules/esbuild/node_modules/@esbuild/win32-x64": {
      "version": "0.18.20",
      "cpu": [
        "x64"
      ],
      "dev": true,
      "license": "MIT",
      "optional": true,
      "os": [
        "win32"
      ],
      "engines": {
        "node": ">=12"
      }
    },
    "node_modules/@esbuild-kit/esm-loader": {
      "version": "2.6.5",
      "dev": true,
      "license": "MIT",
      "dependencies": {
        "@esbuild-kit/core-utils": "^3.3.2",
        "get-tsconfig": "^4.7.0"
      }
    },
    "node_modules/@esbuild/win32-x64": {
      "version": "0.25.12",
      "cpu": [
        "x64"
      ],
      "dev": true,
      "license": "MIT",
      "optional": true,
      "os": [
        "win32"
      ],
      "engines": {
        "node": ">=18"
      }
    },
    "node_modules/@hono/node-server": {
      "version": "1.19.6",
      "license": "MIT",
      "engines": {
        "node": ">=18.14.1"
      },
      "peerDependencies": {
        "hono": "^4"
      }
    },
    "node_modules/@hono/trpc-server": {
      "version": "0.4.0",
      "license": "MIT",
      "engines": {
        "node": ">=16.0.0"
      },
      "peerDependencies": {
        "@trpc/server": "^10.10.0 || >11.0.0-rc",
        "hono": ">=4.*"
      }
    },
    "node_modules/@img/colour": {
      "version": "1.0.0",
      "license": "MIT",
      "optional": true,
      "engines": {
        "node": ">=18"
      }
    },
    "node_modules/@img/sharp-win32-x64": {
      "version": "0.34.5",
      "cpu": [
        "x64"
      ],
      "license": "Apache-2.0 AND LGPL-3.0-or-later",
      "optional": true,
      "os": [
        "win32"
      ],
      "engines": {
        "node": "^18.17.0 || ^20.3.0 || >=21.0.0"
      },
      "funding": {
        "url": "https://opencollective.com/libvips"
      }
    },
    "node_modules/@jridgewell/gen-mapping": {
      "version": "0.3.13",
      "dev": true,
      "license": "MIT",
      "dependencies": {
        "@jridgewell/sourcemap-codec": "^1.5.0",
        "@jridgewell/trace-mapping": "^0.3.24"
      }
    },
    "node_modules/@jridgewell/remapping": {
      "version": "2.3.5",
      "dev": true,
      "license": "MIT",
      "dependencies": {
        "@jridgewell/gen-mapping": "^0.3.5",
        "@jridgewell/trace-mapping": "^0.3.24"
      }
    },
    "node_modules/@jridgewell/resolve-uri": {
      "version": "3.1.2",
      "dev": true,
      "license": "MIT",
      "engines": {
        "node": ">=6.0.0"
      }
    },
    "node_modules/@jridgewell/sourcemap-codec": {
      "version": "1.5.5",
      "dev": true,
      "license": "MIT"
    },
    "node_modules/@jridgewell/trace-mapping": {
      "version": "0.3.31",
      "dev": true,
      "license": "MIT",
      "dependencies": {
        "@jridgewell/resolve-uri": "^3.1.0",
        "@jridgewell/sourcemap-codec": "^1.4.14"
      }
    },
    "node_modules/@next/env": {
      "version": "15.5.2",
      "license": "MIT"
    },
    "node_modules/@next/swc-win32-x64-msvc": {
      "version": "15.5.2",
      "cpu": [
        "x64"
      ],
      "license": "MIT",
      "optional": true,
      "os": [
        "win32"
      ],
      "engines": {
        "node": ">= 10"
      }
    },
    "node_modules/@swc/helpers": {
      "version": "0.5.15",
      "license": "Apache-2.0",
      "dependencies": {
        "tslib": "^2.8.0"
      }
    },
    "node_modules/@tailwindcss/node": {
      "version": "4.1.17",
      "dev": true,
      "license": "MIT",
      "dependencies": {
        "@jridgewell/remapping": "^2.3.4",
        "enhanced-resolve": "^5.18.3",
        "jiti": "^2.6.1",
        "lightningcss": "1.30.2",
        "magic-string": "^0.30.21",
        "source-map-js": "^1.2.1",
        "tailwindcss": "4.1.17"
      }
    },
    "node_modules/@tailwindcss/oxide": {
      "version": "4.1.17",
      "dev": true,
      "license": "MIT",
      "engines": {
        "node": ">= 10"
      },
      "optionalDependencies": {
        "@tailwindcss/oxide-android-arm64": "4.1.17",
        "@tailwindcss/oxide-darwin-arm64": "4.1.17",
        "@tailwindcss/oxide-darwin-x64": "4.1.17",
        "@tailwindcss/oxide-freebsd-x64": "4.1.17",
        "@tailwindcss/oxide-linux-arm-gnueabihf": "4.1.17",
        "@tailwindcss/oxide-linux-arm64-gnu": "4.1.17",
        "@tailwindcss/oxide-linux-arm64-musl": "4.1.17",
        "@tailwindcss/oxide-linux-x64-gnu": "4.1.17",
        "@tailwindcss/oxide-linux-x64-musl": "4.1.17",
        "@tailwindcss/oxide-wasm32-wasi": "4.1.17",
        "@tailwindcss/oxide-win32-arm64-msvc": "4.1.17",
        "@tailwindcss/oxide-win32-x64-msvc": "4.1.17"
      }
    },
    "node_modules/@tailwindcss/oxide-win32-x64-msvc": {
      "version": "4.1.17",
      "cpu": [
        "x64"
      ],
      "dev": true,
      "license": "MIT",
      "optional": true,
      "os": [
        "win32"
      ],
      "engines": {
        "node": ">= 10"
      }
    },
    "node_modules/@tailwindcss/postcss": {
      "version": "4.1.17",
      "dev": true,
      "license": "MIT",
      "dependencies": {
        "@alloc/quick-lru": "^5.2.0",
        "@tailwindcss/node": "4.1.17",
        "@tailwindcss/oxide": "4.1.17",
        "postcss": "^8.4.41",
        "tailwindcss": "4.1.17"
      }
    },
    "node_modules/@tanstack/query-core": {
      "version": "5.90.10",
      "license": "MIT",
      "funding": {
        "type": "github",
        "url": "https://github.com/sponsors/tannerlinsley"
      }
    },
    "node_modules/@tanstack/query-devtools": {
      "version": "5.91.0",
      "license": "MIT",
      "funding": {
        "type": "github",
        "url": "https://github.com/sponsors/tannerlinsley"
      }
    },
    "node_modules/@tanstack/react-query": {
      "version": "5.90.10",
      "license": "MIT",
      "dependencies": {
        "@tanstack/query-core": "5.90.10"
      },
      "funding": {
        "type": "github",
        "url": "https://github.com/sponsors/tannerlinsley"
      },
      "peerDependencies": {
        "react": "^18 || ^19"
      }
    },
    "node_modules/@tanstack/react-query-devtools": {
      "version": "5.91.0",
      "license": "MIT",
      "dependencies": {
        "@tanstack/query-devtools": "5.91.0"
      },
      "funding": {
        "type": "github",
        "url": "https://github.com/sponsors/tannerlinsley"
      },
      "peerDependencies": {
        "@tanstack/react-query": "^5.90.10",
        "react": "^18 || ^19"
      }
    },
    "node_modules/@trpc/client": {
      "version": "11.7.2",
      "funding": [
        "https://trpc.io/sponsor"
      ],
      "license": "MIT",
      "peerDependencies": {
        "@trpc/server": "11.7.2",
        "typescript": ">=5.7.2"
      }
    },
    "node_modules/@trpc/react-query": {
      "version": "11.7.2",
      "funding": [
        "https://trpc.io/sponsor"
      ],
      "license": "MIT",
      "peerDependencies": {
        "@tanstack/react-query": "^5.80.3",
        "@trpc/client": "11.7.2",
        "@trpc/server": "11.7.2",
        "react": ">=18.2.0",
        "react-dom": ">=18.2.0",
        "typescript": ">=5.7.2"
      }
    },
    "node_modules/@trpc/server": {
      "version": "11.7.2",
      "funding": [
        "https://trpc.io/sponsor"
      ],
      "license": "MIT",
      "peerDependencies": {
        "typescript": ">=5.7.2"
      }
    },
    "node_modules/@trpc/tanstack-react-query": {
      "version": "11.7.2",
      "funding": [
        "https://trpc.io/sponsor"
      ],
      "license": "MIT",
      "peerDependencies": {
        "@tanstack/react-query": "^5.80.3",
        "@trpc/client": "11.7.2",
        "@trpc/server": "11.7.2",
        "react": ">=18.2.0",
        "react-dom": ">=18.2.0",
        "typescript": ">=5.7.2"
      }
    },
    "node_modules/@types/node": {
      "version": "20.19.25",
      "devOptional": true,
      "license": "MIT",
      "dependencies": {
        "undici-types": "~6.21.0"
      }
    },
    "node_modules/@types/papaparse": {
      "version": "5.5.0",
      "resolved": "https://registry.npmjs.org/@types/papaparse/-/papaparse-5.5.0.tgz",
      "integrity": "sha512-GVs5iMQmUr54BAZYYkByv8zPofFxmyxUpISPb2oh8sayR3+1zbxasrOvoKiHJ/nnoq/uULuPsu1Lze1EkagVFg==",
      "dev": true,
      "license": "MIT",
      "dependencies": {
        "@types/node": "*"
      }
    },
    "node_modules/@types/pg": {
      "version": "8.15.6",
      "devOptional": true,
      "license": "MIT",
      "dependencies": {
        "@types/node": "*",
        "pg-protocol": "*",
        "pg-types": "^2.2.0"
      }
    },
    "node_modules/@types/react": {
      "version": "19.2.6",
      "dev": true,
      "license": "MIT",
      "dependencies": {
        "csstype": "^3.2.2"
      }
    },
    "node_modules/@types/react-dom": {
      "version": "19.2.3",
      "dev": true,
      "license": "MIT",
      "peerDependencies": {
        "@types/react": "^19.2.0"
      }
    },
    "node_modules/api": {
      "resolved": "apps/api",
      "link": true
    },
    "node_modules/buffer-from": {
      "version": "1.1.2",
      "dev": true,
      "license": "MIT"
    },
    "node_modules/caniuse-lite": {
      "version": "1.0.30001756",
      "funding": [
        {
          "type": "opencollective",
          "url": "https://opencollective.com/browserslist"
        },
        {
          "type": "tidelift",
          "url": "https://tidelift.com/funding/github/npm/caniuse-lite"
        },
        {
          "type": "github",
          "url": "https://github.com/sponsors/ai"
        }
      ],
      "license": "CC-BY-4.0"
    },
    "node_modules/client-only": {
      "version": "0.0.1",
      "license": "MIT"
    },
    "node_modules/copy-anything": {
      "version": "4.0.5",
      "license": "MIT",
      "dependencies": {
        "is-what": "^5.2.0"
      },
      "engines": {
        "node": ">=18"
      },
      "funding": {
        "url": "https://github.com/sponsors/mesqueeb"
      }
    },
    "node_modules/csstype": {
      "version": "3.2.3",
      "dev": true,
      "license": "MIT"
    },
    "node_modules/debug": {
      "version": "4.4.3",
      "dev": true,
      "license": "MIT",
      "dependencies": {
        "ms": "^2.1.3"
      },
      "engines": {
        "node": ">=6.0"
      },
      "peerDependenciesMeta": {
        "supports-color": {
          "optional": true
        }
      }
    },
    "node_modules/detect-libc": {
      "version": "2.1.2",
      "devOptional": true,
      "license": "Apache-2.0",
      "engines": {
        "node": ">=8"
      }
    },
    "node_modules/dotenv": {
      "version": "17.2.3",
      "license": "BSD-2-Clause",
      "engines": {
        "node": ">=12"
      },
      "funding": {
        "url": "https://dotenvx.com"
      }
    },
    "node_modules/drizzle-kit": {
      "version": "0.31.7",
      "dev": true,
      "license": "MIT",
      "dependencies": {
        "@drizzle-team/brocli": "^0.10.2",
        "@esbuild-kit/esm-loader": "^2.5.5",
        "esbuild": "^0.25.4",
        "esbuild-register": "^3.5.0"
      },
      "bin": {
        "drizzle-kit": "bin.cjs"
      }
    },
    "node_modules/drizzle-orm": {
      "version": "0.44.7",
      "license": "Apache-2.0",
      "peerDependencies": {
        "@aws-sdk/client-rds-data": ">=3",
        "@cloudflare/workers-types": ">=4",
        "@electric-sql/pglite": ">=0.2.0",
        "@libsql/client": ">=0.10.0",
        "@libsql/client-wasm": ">=0.10.0",
        "@neondatabase/serverless": ">=0.10.0",
        "@op-engineering/op-sqlite": ">=2",
        "@opentelemetry/api": "^1.4.1",
        "@planetscale/database": ">=1.13",
        "@prisma/client": "*",
        "@tidbcloud/serverless": "*",
        "@types/better-sqlite3": "*",
        "@types/pg": "*",
        "@types/sql.js": "*",
        "@upstash/redis": ">=1.34.7",
        "@vercel/postgres": ">=0.8.0",
        "@xata.io/client": "*",
        "better-sqlite3": ">=7",
        "bun-types": "*",
        "expo-sqlite": ">=14.0.0",
        "gel": ">=2",
        "knex": "*",
        "kysely": "*",
        "mysql2": ">=2",
        "pg": ">=8",
        "postgres": ">=3",
        "sql.js": ">=1",
        "sqlite3": ">=5"
      },
      "peerDependenciesMeta": {
        "@aws-sdk/client-rds-data": {
          "optional": true
        },
        "@cloudflare/workers-types": {
          "optional": true
        },
        "@electric-sql/pglite": {
          "optional": true
        },
        "@libsql/client": {
          "optional": true
        },
        "@libsql/client-wasm": {
          "optional": true
        },
        "@neondatabase/serverless": {
          "optional": true
        },
        "@op-engineering/op-sqlite": {
          "optional": true
        },
        "@opentelemetry/api": {
          "optional": true
        },
        "@planetscale/database": {
          "optional": true
        },
        "@prisma/client": {
          "optional": true
        },
        "@tidbcloud/serverless": {
          "optional": true
        },
        "@types/better-sqlite3": {
          "optional": true
        },
        "@types/pg": {
          "optional": true
        },
        "@types/sql.js": {
          "optional": true
        },
        "@upstash/redis": {
          "optional": true
        },
        "@vercel/postgres": {
          "optional": true
        },
        "@xata.io/client": {
          "optional": true
        },
        "better-sqlite3": {
          "optional": true
        },
        "bun-types": {
          "optional": true
        },
        "expo-sqlite": {
          "optional": true
        },
        "gel": {
          "optional": true
        },
        "knex": {
          "optional": true
        },
        "kysely": {
          "optional": true
        },
        "mysql2": {
          "optional": true
        },
        "pg": {
          "optional": true
        },
        "postgres": {
          "optional": true
        },
        "prisma": {
          "optional": true
        },
        "sql.js": {
          "optional": true
        },
        "sqlite3": {
          "optional": true
        }
      }
    },
    "node_modules/enhanced-resolve": {
      "version": "5.18.3",
      "dev": true,
      "license": "MIT",
      "dependencies": {
        "graceful-fs": "^4.2.4",
        "tapable": "^2.2.0"
      },
      "engines": {
        "node": ">=10.13.0"
      }
    },
    "node_modules/esbuild": {
      "version": "0.25.12",
      "dev": true,
      "hasInstallScript": true,
      "license": "MIT",
      "bin": {
        "esbuild": "bin/esbuild"
      },
      "engines": {
        "node": ">=18"
      },
      "optionalDependencies": {
        "@esbuild/aix-ppc64": "0.25.12",
        "@esbuild/android-arm": "0.25.12",
        "@esbuild/android-arm64": "0.25.12",
        "@esbuild/android-x64": "0.25.12",
        "@esbuild/darwin-arm64": "0.25.12",
        "@esbuild/darwin-x64": "0.25.12",
        "@esbuild/freebsd-arm64": "0.25.12",
        "@esbuild/freebsd-x64": "0.25.12",
        "@esbuild/linux-arm": "0.25.12",
        "@esbuild/linux-arm64": "0.25.12",
        "@esbuild/linux-ia32": "0.25.12",
        "@esbuild/linux-loong64": "0.25.12",
        "@esbuild/linux-mips64el": "0.25.12",
        "@esbuild/linux-ppc64": "0.25.12",
        "@esbuild/linux-riscv64": "0.25.12",
        "@esbuild/linux-s390x": "0.25.12",
        "@esbuild/linux-x64": "0.25.12",
        "@esbuild/netbsd-arm64": "0.25.12",
        "@esbuild/netbsd-x64": "0.25.12",
        "@esbuild/openbsd-arm64": "0.25.12",
        "@esbuild/openbsd-x64": "0.25.12",
        "@esbuild/openharmony-arm64": "0.25.12",
        "@esbuild/sunos-x64": "0.25.12",
        "@esbuild/win32-arm64": "0.25.12",
        "@esbuild/win32-ia32": "0.25.12",
        "@esbuild/win32-x64": "0.25.12"
      }
    },
    "node_modules/esbuild-register": {
      "version": "3.6.0",
      "dev": true,
      "license": "MIT",
      "dependencies": {
        "debug": "^4.3.4"
      },
      "peerDependencies": {
        "esbuild": ">=0.12 <1"
      }
    },
    "node_modules/frontend": {
      "resolved": "apps/frontend",
      "link": true
    },
    "node_modules/get-tsconfig": {
      "version": "4.13.0",
      "dev": true,
      "license": "MIT",
      "dependencies": {
        "resolve-pkg-maps": "^1.0.0"
      },
      "funding": {
        "url": "https://github.com/privatenumber/get-tsconfig?sponsor=1"
      }
    },
    "node_modules/graceful-fs": {
      "version": "4.2.11",
      "dev": true,
      "license": "ISC"
    },
    "node_modules/hono": {
      "version": "4.10.6",
      "license": "MIT",
      "engines": {
        "node": ">=16.9.0"
      }
    },
    "node_modules/is-what": {
      "version": "5.5.0",
      "license": "MIT",
      "engines": {
        "node": ">=18"
      },
      "funding": {
        "url": "https://github.com/sponsors/mesqueeb"
      }
    },
    "node_modules/jiti": {
      "version": "2.6.1",
      "dev": true,
      "license": "MIT",
      "bin": {
        "jiti": "lib/jiti-cli.mjs"
      }
    },
    "node_modules/lightningcss": {
      "version": "1.30.2",
      "dev": true,
      "license": "MPL-2.0",
      "dependencies": {
        "detect-libc": "^2.0.3"
      },
      "engines": {
        "node": ">= 12.0.0"
      },
      "funding": {
        "type": "opencollective",
        "url": "https://opencollective.com/parcel"
      },
      "optionalDependencies": {
        "lightningcss-android-arm64": "1.30.2",
        "lightningcss-darwin-arm64": "1.30.2",
        "lightningcss-darwin-x64": "1.30.2",
        "lightningcss-freebsd-x64": "1.30.2",
        "lightningcss-linux-arm-gnueabihf": "1.30.2",
        "lightningcss-linux-arm64-gnu": "1.30.2",
        "lightningcss-linux-arm64-musl": "1.30.2",
        "lightningcss-linux-x64-gnu": "1.30.2",
        "lightningcss-linux-x64-musl": "1.30.2",
        "lightningcss-win32-arm64-msvc": "1.30.2",
        "lightningcss-win32-x64-msvc": "1.30.2"
      }
    },
    "node_modules/lightningcss-win32-x64-msvc": {
      "version": "1.30.2",
      "cpu": [
        "x64"
      ],
      "dev": true,
      "license": "MPL-2.0",
      "optional": true,
      "os": [
        "win32"
      ],
      "engines": {
        "node": ">= 12.0.0"
      },
      "funding": {
        "type": "opencollective",
        "url": "https://opencollective.com/parcel"
      }
    },
    "node_modules/magic-string": {
      "version": "0.30.21",
      "dev": true,
      "license": "MIT",
      "dependencies": {
        "@jridgewell/sourcemap-codec": "^1.5.5"
      }
    },
    "node_modules/ms": {
      "version": "2.1.3",
      "dev": true,
      "license": "MIT"
    },
    "node_modules/nanoid": {
      "version": "5.1.6",
      "funding": [
        {
          "type": "github",
          "url": "https://github.com/sponsors/ai"
        }
      ],
      "license": "MIT",
      "bin": {
        "nanoid": "bin/nanoid.js"
      },
      "engines": {
        "node": "^18 || >=20"
      }
    },
    "node_modules/next": {
      "version": "15.5.2",
      "license": "MIT",
      "dependencies": {
        "@next/env": "15.5.2",
        "@swc/helpers": "0.5.15",
        "caniuse-lite": "^1.0.30001579",
        "postcss": "8.4.31",
        "styled-jsx": "5.1.6"
      },
      "bin": {
        "next": "dist/bin/next"
      },
      "engines": {
        "node": "^18.18.0 || ^19.8.0 || >= 20.0.0"
      },
      "optionalDependencies": {
        "@next/swc-darwin-arm64": "15.5.2",
        "@next/swc-darwin-x64": "15.5.2",
        "@next/swc-linux-arm64-gnu": "15.5.2",
        "@next/swc-linux-arm64-musl": "15.5.2",
        "@next/swc-linux-x64-gnu": "15.5.2",
        "@next/swc-linux-x64-musl": "15.5.2",
        "@next/swc-win32-arm64-msvc": "15.5.2",
        "@next/swc-win32-x64-msvc": "15.5.2",
        "sharp": "^0.34.3"
      },
      "peerDependencies": {
        "@opentelemetry/api": "^1.1.0",
        "@playwright/test": "^1.51.1",
        "babel-plugin-react-compiler": "*",
        "react": "^18.2.0 || 19.0.0-rc-de68d2f4-20241204 || ^19.0.0",
        "react-dom": "^18.2.0 || 19.0.0-rc-de68d2f4-20241204 || ^19.0.0",
        "sass": "^1.3.0"
      },
      "peerDependenciesMeta": {
        "@opentelemetry/api": {
          "optional": true
        },
        "@playwright/test": {
          "optional": true
        },
        "babel-plugin-react-compiler": {
          "optional": true
        },
        "sass": {
          "optional": true
        }
      }
    },
    "node_modules/next/node_modules/postcss": {
      "version": "8.4.31",
      "funding": [
        {
          "type": "opencollective",
          "url": "https://opencollective.com/postcss/"
        },
        {
          "type": "tidelift",
          "url": "https://tidelift.com/funding/github/npm/postcss"
        },
        {
          "type": "github",
          "url": "https://github.com/sponsors/ai"
        }
      ],
      "license": "MIT",
      "dependencies": {
        "nanoid": "^3.3.6",
        "picocolors": "^1.0.0",
        "source-map-js": "^1.0.2"
      },
      "engines": {
        "node": "^10 || ^12 || >=14"
      }
    },
    "node_modules/next/node_modules/postcss/node_modules/nanoid": {
      "version": "3.3.11",
      "funding": [
        {
          "type": "github",
          "url": "https://github.com/sponsors/ai"
        }
      ],
      "license": "MIT",
      "bin": {
        "nanoid": "bin/nanoid.cjs"
      },
      "engines": {
        "node": "^10 || ^12 || ^13.7 || ^14 || >=15.0.1"
      }
    },
    "node_modules/papaparse": {
      "version": "5.5.3",
      "license": "MIT"
    },
    "node_modules/pg": {
      "version": "8.16.3",
      "license": "MIT",
      "dependencies": {
        "pg-connection-string": "^2.9.1",
        "pg-pool": "^3.10.1",
        "pg-protocol": "^1.10.3",
        "pg-types": "2.2.0",
        "pgpass": "1.0.5"
      },
      "engines": {
        "node": ">= 16.0.0"
      },
      "optionalDependencies": {
        "pg-cloudflare": "^1.2.7"
      },
      "peerDependencies": {
        "pg-native": ">=3.0.1"
      },
      "peerDependenciesMeta": {
        "pg-native": {
          "optional": true
        }
      }
    },
    "node_modules/pg-cloudflare": {
      "version": "1.2.7",
      "license": "MIT",
      "optional": true
    },
    "node_modules/pg-connection-string": {
      "version": "2.9.1",
      "license": "MIT"
    },
    "node_modules/pg-int8": {
      "version": "1.0.1",
      "license": "ISC",
      "engines": {
        "node": ">=4.0.0"
      }
    },
    "node_modules/pg-pool": {
      "version": "3.10.1",
      "license": "MIT",
      "peerDependencies": {
        "pg": ">=8.0"
      }
    },
    "node_modules/pg-protocol": {
      "version": "1.10.3",
      "license": "MIT"
    },
    "node_modules/pg-types": {
      "version": "2.2.0",
      "license": "MIT",
      "dependencies": {
        "pg-int8": "1.0.1",
        "postgres-array": "~2.0.0",
        "postgres-bytea": "~1.0.0",
        "postgres-date": "~1.0.4",
        "postgres-interval": "^1.1.0"
      },
      "engines": {
        "node": ">=4"
      }
    },
    "node_modules/pgpass": {
      "version": "1.0.5",
      "license": "MIT",
      "dependencies": {
        "split2": "^4.1.0"
      }
    },
    "node_modules/picocolors": {
      "version": "1.1.1",
      "license": "ISC"
    },
    "node_modules/postcss": {
      "version": "8.5.6",
      "dev": true,
      "funding": [
        {
          "type": "opencollective",
          "url": "https://opencollective.com/postcss/"
        },
        {
          "type": "tidelift",
          "url": "https://tidelift.com/funding/github/npm/postcss"
        },
        {
          "type": "github",
          "url": "https://github.com/sponsors/ai"
        }
      ],
      "license": "MIT",
      "dependencies": {
        "nanoid": "^3.3.11",
        "picocolors": "^1.1.1",
        "source-map-js": "^1.2.1"
      },
      "engines": {
        "node": "^10 || ^12 || >=14"
      }
    },
    "node_modules/postcss/node_modules/nanoid": {
      "version": "3.3.11",
      "dev": true,
      "funding": [
        {
          "type": "github",
          "url": "https://github.com/sponsors/ai"
        }
      ],
      "license": "MIT",
      "bin": {
        "nanoid": "bin/nanoid.cjs"
      },
      "engines": {
        "node": "^10 || ^12 || ^13.7 || ^14 || >=15.0.1"
      }
    },
    "node_modules/postgres-array": {
      "version": "2.0.0",
      "license": "MIT",
      "engines": {
        "node": ">=4"
      }
    },
    "node_modules/postgres-bytea": {
      "version": "1.0.0",
      "license": "MIT",
      "engines": {
        "node": ">=0.10.0"
      }
    },
    "node_modules/postgres-date": {
      "version": "1.0.7",
      "license": "MIT",
      "engines": {
        "node": ">=0.10.0"
      }
    },
    "node_modules/postgres-interval": {
      "version": "1.2.0",
      "license": "MIT",
      "dependencies": {
        "xtend": "^4.0.0"
      },
      "engines": {
        "node": ">=0.10.0"
      }
    },
    "node_modules/react": {
      "version": "19.1.0",
      "license": "MIT",
      "engines": {
        "node": ">=0.10.0"
      }
    },
    "node_modules/react-dom": {
      "version": "19.1.0",
      "license": "MIT",
      "dependencies": {
        "scheduler": "^0.26.0"
      },
      "peerDependencies": {
        "react": "^19.1.0"
      }
    },
    "node_modules/resolve-pkg-maps": {
      "version": "1.0.0",
      "dev": true,
      "license": "MIT",
      "funding": {
        "url": "https://github.com/privatenumber/resolve-pkg-maps?sponsor=1"
      }
    },
    "node_modules/scheduler": {
      "version": "0.26.0",
      "license": "MIT"
    },
    "node_modules/semver": {
      "version": "7.7.3",
      "license": "ISC",
      "optional": true,
      "bin": {
        "semver": "bin/semver.js"
      },
      "engines": {
        "node": ">=10"
      }
    },
    "node_modules/sharp": {
      "version": "0.34.5",
      "hasInstallScript": true,
      "license": "Apache-2.0",
      "optional": true,
      "dependencies": {
        "@img/colour": "^1.0.0",
        "detect-libc": "^2.1.2",
        "semver": "^7.7.3"
      },
      "engines": {
        "node": "^18.17.0 || ^20.3.0 || >=21.0.0"
      },
      "funding": {
        "url": "https://opencollective.com/libvips"
      },
      "optionalDependencies": {
        "@img/sharp-darwin-arm64": "0.34.5",
        "@img/sharp-darwin-x64": "0.34.5",
        "@img/sharp-libvips-darwin-arm64": "1.2.4",
        "@img/sharp-libvips-darwin-x64": "1.2.4",
        "@img/sharp-libvips-linux-arm": "1.2.4",
        "@img/sharp-libvips-linux-arm64": "1.2.4",
        "@img/sharp-libvips-linux-ppc64": "1.2.4",
        "@img/sharp-libvips-linux-riscv64": "1.2.4",
        "@img/sharp-libvips-linux-s390x": "1.2.4",
        "@img/sharp-libvips-linux-x64": "1.2.4",
        "@img/sharp-libvips-linuxmusl-arm64": "1.2.4",
        "@img/sharp-libvips-linuxmusl-x64": "1.2.4",
        "@img/sharp-linux-arm": "0.34.5",
        "@img/sharp-linux-arm64": "0.34.5",
        "@img/sharp-linux-ppc64": "0.34.5",
        "@img/sharp-linux-riscv64": "0.34.5",
        "@img/sharp-linux-s390x": "0.34.5",
        "@img/sharp-linux-x64": "0.34.5",
        "@img/sharp-linuxmusl-arm64": "0.34.5",
        "@img/sharp-linuxmusl-x64": "0.34.5",
        "@img/sharp-wasm32": "0.34.5",
        "@img/sharp-win32-arm64": "0.34.5",
        "@img/sharp-win32-ia32": "0.34.5",
        "@img/sharp-win32-x64": "0.34.5"
      }
    },
    "node_modules/source-map": {
      "version": "0.6.1",
      "dev": true,
      "license": "BSD-3-Clause",
      "engines": {
        "node": ">=0.10.0"
      }
    },
    "node_modules/source-map-js": {
      "version": "1.2.1",
      "license": "BSD-3-Clause",
      "engines": {
        "node": ">=0.10.0"
      }
    },
    "node_modules/source-map-support": {
      "version": "0.5.21",
      "dev": true,
      "license": "MIT",
      "dependencies": {
        "buffer-from": "^1.0.0",
        "source-map": "^0.6.0"
      }
    },
    "node_modules/split2": {
      "version": "4.2.0",
      "license": "ISC",
      "engines": {
        "node": ">= 10.x"
      }
    },
    "node_modules/styled-jsx": {
      "version": "5.1.6",
      "license": "MIT",
      "dependencies": {
        "client-only": "0.0.1"
      },
      "engines": {
        "node": ">= 12.0.0"
      },
      "peerDependencies": {
        "react": ">= 16.8.0 || 17.x.x || ^18.0.0-0 || ^19.0.0-0"
      },
      "peerDependenciesMeta": {
        "@babel/core": {
          "optional": true
        },
        "babel-plugin-macros": {
          "optional": true
        }
      }
    },
    "node_modules/superjson": {
      "version": "2.2.5",
      "license": "MIT",
      "dependencies": {
        "copy-anything": "^4"
      },
      "engines": {
        "node": ">=16"
      }
    },
    "node_modules/tailwindcss": {
      "version": "4.1.17",
      "dev": true,
      "license": "MIT"
    },
    "node_modules/tapable": {
      "version": "2.3.0",
      "dev": true,
      "license": "MIT",
      "engines": {
        "node": ">=6"
      },
      "funding": {
        "type": "opencollective",
        "url": "https://opencollective.com/webpack"
      }
    },
    "node_modules/tslib": {
      "version": "2.8.1",
      "license": "0BSD"
    },
    "node_modules/tsx": {
      "version": "4.20.6",
      "dev": true,
      "license": "MIT",
      "dependencies": {
        "esbuild": "~0.25.0",
        "get-tsconfig": "^4.7.5"
      },
      "bin": {
        "tsx": "dist/cli.mjs"
      },
      "engines": {
        "node": ">=18.0.0"
      },
      "optionalDependencies": {
        "fsevents": "~2.3.3"
      }
    },
    "node_modules/turbo": {
      "version": "2.6.1",
      "dev": true,
      "license": "MIT",
      "bin": {
        "turbo": "bin/turbo"
      },
      "optionalDependencies": {
        "turbo-darwin-64": "2.6.1",
        "turbo-darwin-arm64": "2.6.1",
        "turbo-linux-64": "2.6.1",
        "turbo-linux-arm64": "2.6.1",
        "turbo-windows-64": "2.6.1",
        "turbo-windows-arm64": "2.6.1"
      }
    },
    "node_modules/turbo-windows-64": {
      "version": "2.6.1",
      "cpu": [
        "x64"
      ],
      "dev": true,
      "license": "MIT",
      "optional": true,
      "os": [
        "win32"
      ]
    },
    "node_modules/typescript": {
      "version": "5.9.2",
      "license": "Apache-2.0",
      "bin": {
        "tsc": "bin/tsc",
        "tsserver": "bin/tsserver"
      },
      "engines": {
        "node": ">=14.17"
      }
    },
    "node_modules/undici-types": {
      "version": "6.21.0",
      "devOptional": true,
      "license": "MIT"
    },
    "node_modules/xtend": {
      "version": "4.0.2",
      "license": "MIT",
      "engines": {
        "node": ">=0.4"
      }
    },
    "node_modules/zod": {
      "version": "4.1.12",
      "license": "MIT",
      "funding": {
        "url": "https://github.com/sponsors/colinhacks"
      }
    },
    "node_modules/zod-openapi": {
      "version": "5.4.3",
      "license": "MIT",
      "engines": {
        "node": ">=20"
      },
      "funding": {
        "url": "https://github.com/samchungy/zod-openapi?sponsor=1"
      },
      "peerDependencies": {
        "zod": "^3.25.74 || ^4.0.0"
      }
    },
    "node_modules/@next/swc-darwin-arm64": {
      "version": "15.5.2",
      "resolved": "https://registry.npmjs.org/@next/swc-darwin-arm64/-/swc-darwin-arm64-15.5.2.tgz",
      "integrity": "sha512-8bGt577BXGSd4iqFygmzIfTYizHb0LGWqH+qgIF/2EDxS5JsSdERJKA8WgwDyNBZgTIIA4D8qUtoQHmxIIquoQ==",
      "cpu": [
        "arm64"
      ],
      "optional": true,
      "os": [
        "darwin"
      ],
      "engines": {
        "node": ">= 10"
      }
    },
    "node_modules/@next/swc-darwin-x64": {
      "version": "15.5.2",
      "resolved": "https://registry.npmjs.org/@next/swc-darwin-x64/-/swc-darwin-x64-15.5.2.tgz",
      "integrity": "sha512-2DjnmR6JHK4X+dgTXt5/sOCu/7yPtqpYt8s8hLkHFK3MGkka2snTv3yRMdHvuRtJVkPwCGsvBSwmoQCHatauFQ==",
      "cpu": [
        "x64"
      ],
      "optional": true,
      "os": [
        "darwin"
      ],
      "engines": {
        "node": ">= 10"
      }
    },
    "node_modules/@next/swc-linux-arm64-gnu": {
      "version": "15.5.2",
      "resolved": "https://registry.npmjs.org/@next/swc-linux-arm64-gnu/-/swc-linux-arm64-gnu-15.5.2.tgz",
      "integrity": "sha512-3j7SWDBS2Wov/L9q0mFJtEvQ5miIqfO4l7d2m9Mo06ddsgUK8gWfHGgbjdFlCp2Ek7MmMQZSxpGFqcC8zGh2AA==",
      "cpu": [
        "arm64"
      ],
      "optional": true,
      "os": [
        "linux"
      ],
      "engines": {
        "node": ">= 10"
      }
    },
    "node_modules/@next/swc-linux-arm64-musl": {
      "version": "15.5.2",
      "resolved": "https://registry.npmjs.org/@next/swc-linux-arm64-musl/-/swc-linux-arm64-musl-15.5.2.tgz",
      "integrity": "sha512-s6N8k8dF9YGc5T01UPQ08yxsK6fUow5gG1/axWc1HVVBYQBgOjca4oUZF7s4p+kwhkB1bDSGR8QznWrFZ/Rt5g==",
      "cpu": [
        "arm64"
      ],
      "optional": true,
      "os": [
        "linux"
      ],
      "engines": {
        "node": ">= 10"
      }
    },
    "node_modules/@next/swc-linux-x64-gnu": {
      "version": "15.5.2",
      "resolved": "https://registry.npmjs.org/@next/swc-linux-x64-gnu/-/swc-linux-x64-gnu-15.5.2.tgz",
      "integrity": "sha512-o1RV/KOODQh6dM6ZRJGZbc+MOAHww33Vbs5JC9Mp1gDk8cpEO+cYC/l7rweiEalkSm5/1WGa4zY7xrNwObN4+Q==",
      "cpu": [
        "x64"
      ],
      "optional": true,
      "os": [
        "linux"
      ],
      "engines": {
        "node": ">= 10"
      }
    },
    "node_modules/@next/swc-linux-x64-musl": {
      "version": "15.5.2",
      "resolved": "https://registry.npmjs.org/@next/swc-linux-x64-musl/-/swc-linux-x64-musl-15.5.2.tgz",
      "integrity": "sha512-/VUnh7w8RElYZ0IV83nUcP/J4KJ6LLYliiBIri3p3aW2giF+PAVgZb6mk8jbQSB3WlTai8gEmCAr7kptFa1H6g==",
      "cpu": [
        "x64"
      ],
      "optional": true,
      "os": [
        "linux"
      ],
      "engines": {
        "node": ">= 10"
      }
    },
    "node_modules/@next/swc-win32-arm64-msvc": {
      "version": "15.5.2",
      "resolved": "https://registry.npmjs.org/@next/swc-win32-arm64-msvc/-/swc-win32-arm64-msvc-15.5.2.tgz",
      "integrity": "sha512-sMPyTvRcNKXseNQ/7qRfVRLa0VhR0esmQ29DD6pqvG71+JdVnESJaHPA8t7bc67KD5spP3+DOCNLhqlEI2ZgQg==",
      "cpu": [
        "arm64"
      ],
      "optional": true,
      "os": [
        "win32"
      ],
      "engines": {
        "node": ">= 10"
      }
    }
  }
}
